
Microsoft Visual Studio Solution File, Format Version 12.00
# Visual Studio Version 17
VisualStudioVersion = 17.14.36518.9
MinimumVisualStudioVersion = 10.0.40219.1
Project("{2150E333-8FDC-42A3-9474-1A3956D46DE8}") = "Task 0", "Task 0", "{02EA681E-C7D8-13C7-8484-4AC65E1B71E8}"
EndProject
Project("{FAE04EC0-301F-11D3-BF4B-00C04F79EFBC}") = "Tyuiu.MihajlichenkoSB.Sprint1.Task0.V18", "Tyuiu.MihajlichenkoSB.Sprint1.Task0.V18\Tyuiu.MihajlichenkoSB.Sprint1.Task0.V18.csproj", "{186C2772-D82B-9ED6-A641-C630768D5C35}"
EndProject
Project("{FAE04EC0-301F-11D3-BF4B-00C04F79EFBC}") = "Tyuiu.MihajlichenkoSB.Sprint1.Task0.V18.Lib", "Tyuiu.MihajlichenkoSB.Sprint1.Task0.V18.Lib\Tyuiu.MihajlichenkoSB.Sprint1.Task0.V18.Lib.csproj", "{671A2C56-0504-59E4-A07D-9D6DA381D065}"
EndProject
Project("{FAE04EC0-301F-11D3-BF4B-00C04F79EFBC}") = "Tyuiu.MihajlichenkoSB.Sprint1.Task0.V18.Test", "Tyuiu.MihajlichenkoSB.Sprint1.Task0.V18.Test\Tyuiu.MihajlichenkoSB.Sprint1.Task0.V18.Test.csproj", "{41CFEC93-6876-2FA4-EFE6-BFDE77962291}"
EndProject
Project("{2150E333-8FDC-42A3-9474-1A3956D46DE8}") = "Task 1", "Task 1", "{74C800F8-287E-4C36-BBD8-6372CC7139B9}"
EndProject
Project("{2150E333-8FDC-42A3-9474-1A3956D46DE8}") = "Task 2", "Task 2", "{1BF6FD1C-0AEC-45AB-9930-5EEB9576B36E}"
EndProject
Project("{2150E333-8FDC-42A3-9474-1A3956D46DE8}") = "Task 3", "Task 3", "{75D366F4-5188-4A40-893F-BA87FC56992B}"
EndProject
Project("{FAE04EC0-301F-11D3-BF4B-00C04F79EFBC}") = "Tyuiu.MihajlichenkoSB.Sprint1.Task1.V16", "Tyuiu.MihajlichenkoSB.Sprint1.Task1.V16\Tyuiu.MihajlichenkoSB.Sprint1.Task1.V16.csproj", "{DBB604E7-A08C-3C67-BE37-1EC708663FFC}"
EndProject
Project("{FAE04EC0-301F-11D3-BF4B-00C04F79EFBC}") = "Tyuiu.MihajlichenkoSB.Sprint1.Task1.V16.Lib", "Tyuiu.MihajlichenkoSB.Sprint1.Task1.V16.Lib\Tyuiu.MihajlichenkoSB.Sprint1.Task1.V16.Lib.csproj", "{30B072A9-A6E8-B56C-346F-9993EE7C22ED}"
EndProject
Project("{FAE04EC0-301F-11D3-BF4B-00C04F79EFBC}") = "Tyuiu.MihajlichenkoSB.Sprint1.Task1.V16.Test", "Tyuiu.MihajlichenkoSB.Sprint1.Task1.V16.Test\Tyuiu.MihajlichenkoSB.Sprint1.Task1.V16.Test.csproj", "{E25B7F85-8419-6DBF-B5D3-DEA10513E57C}"
EndProject
Project("{FAE04EC0-301F-11D3-BF4B-00C04F79EFBC}") = "Tyuiu.MihajlichenkoSB.Sprint1.Task2.V14", "Tyuiu.MihajlichenkoSB.Sprint1.Task2.V14\Tyuiu.MihajlichenkoSB.Sprint1.Task2.V14.csproj", "{605DB725-A6F3-DC21-2FE1-35194A62F797}"
EndProject
Project("{FAE04EC0-301F-11D3-BF4B-00C04F79EFBC}") = "Tyuiu.MihajlichenkoSB.Sprint1.Task2.V14.Lib", "Tyuiu.MihajlichenkoSB.Sprint1.Task2.V14.Lib\Tyuiu.MihajlichenkoSB.Sprint1.Task2.V14.Lib.csproj", "{C7A1E94D-DC60-5BF6-62D5-0D554FF54181}"
EndProject
Project("{FAE04EC0-301F-11D3-BF4B-00C04F79EFBC}") = "Tyuiu.MihajlichenkoSB.Sprint1.Task2.V14.Test", "Tyuiu.MihajlichenkoSB.Sprint1.Task2.V14.Test\Tyuiu.MihajlichenkoSB.Sprint1.Task2.V14.Test.csproj", "{37D325A7-6DBF-B1A0-B196-10B056BA077B}"
EndProject
Project("{FAE04EC0-301F-11D3-BF4B-00C04F79EFBC}") = "Tyuiu.MihajlichenkoSB.Sprint1.Task3.V10", "Tyuiu.MihajlichenkoSB.Sprint1.Task3.V10\Tyuiu.MihajlichenkoSB.Sprint1.Task3.V10.csproj", "{3742CB4D-3D37-0828-53D5-C1A678CCB6E9}"
EndProject
Project("{FAE04EC0-301F-11D3-BF4B-00C04F79EFBC}") = "Tyuiu.MihajlichenkoSB.Sprint1.Task3.V10.Test", "Tyuiu.MihajlichenkoSB.Sprint1.Task3.V10.Test\Tyuiu.MihajlichenkoSB.Sprint1.Task3.V10.Test.csproj", "{4152BF8D-8E4F-1829-42AE-1D4E2963F772}"
EndProject
Project("{FAE04EC0-301F-11D3-BF4B-00C04F79EFBC}") = "Tyuiu.MihajlichenkoSB.Sprint1.Task3.V10.Lib", "Tyuiu.MihajlichenkoSB.Sprint1.Task3.V10.Lib\Tyuiu.MihajlichenkoSB.Sprint1.Task3.V10.Lib.csproj", "{660E6AB9-51D2-B061-E559-6E599A5E899B}"
EndProject
Project("{2150E333-8FDC-42A3-9474-1A3956D46DE8}") = "Task 4", "Task 4", "{E0022932-CD3C-4DF1-B570-7065304C2A5B}"
EndProject
Project("{FAE04EC0-301F-11D3-BF4B-00C04F79EFBC}") = "Tyuiu.MihajlichenkoSB.Sprint1.Task4.V19.Test", "Tyuiu.MihajlichenkoSB.Sprint1.Task4.V19.Test\Tyuiu.MihajlichenkoSB.Sprint1.Task4.V19.Test.csproj", "{45E61127-A3C3-413A-B413-91E29880BDC1}"
EndProject
Project("{FAE04EC0-301F-11D3-BF4B-00C04F79EFBC}") = "Tyuiu.MihajlichenkoSB.Sprint1.Task4.V19.Lib", "Tyuiu.MihajlichenkoSB.Sprint1.Task4.V19.Lib\Tyuiu.MihajlichenkoSB.Sprint1.Task4.V19.Lib.csproj", "{106E3A14-A1BB-4449-845B-BD29D7E46691}"
EndProject
Project("{FAE04EC0-301F-11D3-BF4B-00C04F79EFBC}") = "Tyuiu.MihajlichenkoSB.Sprint1.Task4.V19", "Tyuiu.MihajlichenkoSB.Sprint1.Task4.V19\Tyuiu.MihajlichenkoSB.Sprint1.Task4.V19.csproj", "{E933C30F-7D55-4420-9343-7DAB874DEE38}"
EndProject
Project("{2150E333-8FDC-42A3-9474-1A3956D46DE8}") = "Task 5", "Task 5", "{8FF3010B-B849-4A5A-A97A-BBAEE472343C}"
EndProject
Project("{FAE04EC0-301F-11D3-BF4B-00C04F79EFBC}") = "Tyuiu.MihajlichenkoSB.Sprint1.Task5.V5.Test", "Tyuiu.MihajlichenkoSB.Sprint1.Task5.V5.Test\Tyuiu.MihajlichenkoSB.Sprint1.Task5.V5.Test.csproj", "{482949AD-6E7C-40BB-8502-16B911DC40EB}"
EndProject
Project("{FAE04EC0-301F-11D3-BF4B-00C04F79EFBC}") = "Tyuiu.MihajlichenkoSB.Sprint1.Task5.V5.Lib", "Tyuiu.MihajlichenkoSB.Sprint1.Task5.V5.Lib\Tyuiu.MihajlichenkoSB.Sprint1.Task5.V5.Lib.csproj", "{DBE55D92-B7BD-4ACA-BC3C-053999D74D2B}"
EndProject
Project("{FAE04EC0-301F-11D3-BF4B-00C04F79EFBC}") = "Tyuiu.MihajlichenkoSB.Sprint1.Task5.V5", "Tyuiu.MihajlichenkoSB.Sprint1.Task5.V5\Tyuiu.MihajlichenkoSB.Sprint1.Task5.V5.csproj", "{426FD35A-FAA7-49CE-AE38-97AD993B97EF}"
EndProject
Project("{2150E333-8FDC-42A3-9474-1A3956D46DE8}") = "Task 6", "Task 6", "{CEB99B44-5339-4F72-8054-6E8C3F57C114}"
EndProject
Project("{FAE04EC0-301F-11D3-BF4B-00C04F79EFBC}") = "Tyuiu.MihajlichenkoSB.Sprint1.Task6.V13.Test", "Tyuiu.MihajlichenkoSB.Sprint1.Task6.V13.Test\Tyuiu.MihajlichenkoSB.Sprint1.Task6.V13.Test.csproj", "{8B485956-3713-4B0B-9DFB-C90A788D326E}"
EndProject
Project("{FAE04EC0-301F-11D3-BF4B-00C04F79EFBC}") = "Tyuiu.MihajlichenkoSB.Sprint1.Task6.V13.Lib", "Tyuiu.MihajlichenkoSB.Sprint1.Task6.V13.Lib\Tyuiu.MihajlichenkoSB.Sprint1.Task6.V13.Lib.csproj", "{6B94324A-0247-4D49-872E-52D1F4E78DAB}"
EndProject
Project("{FAE04EC0-301F-11D3-BF4B-00C04F79EFBC}") = "Tyuiu.MihajlichenkoSB.Sprint1.Task6.V13", "Tyuiu.MihajlichenkoSB.Sprint1.Task6.V13\Tyuiu.MihajlichenkoSB.Sprint1.Task6.V13.csproj", "{5392FC18-746B-4F23-A82C-3FFE38171A54}"
EndProject
Global
	GlobalSection(SolutionConfigurationPlatforms) = preSolution
		Debug|Any CPU = Debug|Any CPU
		Release|Any CPU = Release|Any CPU
	EndGlobalSection
	GlobalSection(ProjectConfigurationPlatforms) = postSolution
		{186C2772-D82B-9ED6-A641-C630768D5C35}.Debug|Any CPU.ActiveCfg = Debug|Any CPU
		{186C2772-D82B-9ED6-A641-C630768D5C35}.Debug|Any CPU.Build.0 = Debug|Any CPU
		{186C2772-D82B-9ED6-A641-C630768D5C35}.Release|Any CPU.ActiveCfg = Release|Any CPU
		{186C2772-D82B-9ED6-A641-C630768D5C35}.Release|Any CPU.Build.0 = Release|Any CPU
		{671A2C56-0504-59E4-A07D-9D6DA381D065}.Debug|Any CPU.ActiveCfg = Debug|Any CPU
		{671A2C56-0504-59E4-A07D-9D6DA381D065}.Debug|Any CPU.Build.0 = Debug|Any CPU
		{671A2C56-0504-59E4-A07D-9D6DA381D065}.Release|Any CPU.ActiveCfg = Release|Any CPU
		{671A2C56-0504-59E4-A07D-9D6DA381D065}.Release|Any CPU.Build.0 = Release|Any CPU
		{41CFEC93-6876-2FA4-EFE6-BFDE77962291}.Debug|Any CPU.ActiveCfg = Debug|Any CPU
		{41CFEC93-6876-2FA4-EFE6-BFDE77962291}.Debug|Any CPU.Build.0 = Debug|Any CPU
		{41CFEC93-6876-2FA4-EFE6-BFDE77962291}.Release|Any CPU.ActiveCfg = Release|Any CPU
		{41CFEC93-6876-2FA4-EFE6-BFDE77962291}.Release|Any CPU.Build.0 = Release|Any CPU
		{DBB604E7-A08C-3C67-BE37-1EC708663FFC}.Debug|Any CPU.ActiveCfg = Debug|Any CPU
		{DBB604E7-A08C-3C67-BE37-1EC708663FFC}.Debug|Any CPU.Build.0 = Debug|Any CPU
		{DBB604E7-A08C-3C67-BE37-1EC708663FFC}.Release|Any CPU.ActiveCfg = Release|Any CPU
		{DBB604E7-A08C-3C67-BE37-1EC708663FFC}.Release|Any CPU.Build.0 = Release|Any CPU
		{30B072A9-A6E8-B56C-346F-9993EE7C22ED}.Debug|Any CPU.ActiveCfg = Debug|Any CPU
		{30B072A9-A6E8-B56C-346F-9993EE7C22ED}.Debug|Any CPU.Build.0 = Debug|Any CPU
		{30B072A9-A6E8-B56C-346F-9993EE7C22ED}.Release|Any CPU.ActiveCfg = Release|Any CPU
		{30B072A9-A6E8-B56C-346F-9993EE7C22ED}.Release|Any CPU.Build.0 = Release|Any CPU
		{E25B7F85-8419-6DBF-B5D3-DEA10513E57C}.Debug|Any CPU.ActiveCfg = Debug|Any CPU
		{E25B7F85-8419-6DBF-B5D3-DEA10513E57C}.Debug|Any CPU.Build.0 = Debug|Any CPU
		{E25B7F85-8419-6DBF-B5D3-DEA10513E57C}.Release|Any CPU.ActiveCfg = Release|Any CPU
		{E25B7F85-8419-6DBF-B5D3-DEA10513E57C}.Release|Any CPU.Build.0 = Release|Any CPU
		{605DB725-A6F3-DC21-2FE1-35194A62F797}.Debug|Any CPU.ActiveCfg = Debug|Any CPU
		{605DB725-A6F3-DC21-2FE1-35194A62F797}.Debug|Any CPU.Build.0 = Debug|Any CPU
		{605DB725-A6F3-DC21-2FE1-35194A62F797}.Release|Any CPU.ActiveCfg = Release|Any CPU
		{605DB725-A6F3-DC21-2FE1-35194A62F797}.Release|Any CPU.Build.0 = Release|Any CPU
		{C7A1E94D-DC60-5BF6-62D5-0D554FF54181}.Debug|Any CPU.ActiveCfg = Debug|Any CPU
		{C7A1E94D-DC60-5BF6-62D5-0D554FF54181}.Debug|Any CPU.Build.0 = Debug|Any CPU
		{C7A1E94D-DC60-5BF6-62D5-0D554FF54181}.Release|Any CPU.ActiveCfg = Release|Any CPU
		{C7A1E94D-DC60-5BF6-62D5-0D554FF54181}.Release|Any CPU.Build.0 = Release|Any CPU
		{37D325A7-6DBF-B1A0-B196-10B056BA077B}.Debug|Any CPU.ActiveCfg = Debug|Any CPU
		{37D325A7-6DBF-B1A0-B196-10B056BA077B}.Debug|Any CPU.Build.0 = Debug|Any CPU
		{37D325A7-6DBF-B1A0-B196-10B056BA077B}.Release|Any CPU.ActiveCfg = Release|Any CPU
		{37D325A7-6DBF-B1A0-B196-10B056BA077B}.Release|Any CPU.Build.0 = Release|Any CPU
		{3742CB4D-3D37-0828-53D5-C1A678CCB6E9}.Debug|Any CPU.ActiveCfg = Debug|Any CPU
		{3742CB4D-3D37-0828-53D5-C1A678CCB6E9}.Debug|Any CPU.Build.0 = Debug|Any CPU
		{3742CB4D-3D37-0828-53D5-C1A678CCB6E9}.Release|Any CPU.ActiveCfg = Release|Any CPU
		{3742CB4D-3D37-0828-53D5-C1A678CCB6E9}.Release|Any CPU.Build.0 = Release|Any CPU
		{4152BF8D-8E4F-1829-42AE-1D4E2963F772}.Debug|Any CPU.ActiveCfg = Debug|Any CPU
		{4152BF8D-8E4F-1829-42AE-1D4E2963F772}.Debug|Any CPU.Build.0 = Debug|Any CPU
		{4152BF8D-8E4F-1829-42AE-1D4E2963F772}.Release|Any CPU.ActiveCfg = Release|Any CPU
		{4152BF8D-8E4F-1829-42AE-1D4E2963F772}.Release|Any CPU.Build.0 = Release|Any CPU
		{660E6AB9-51D2-B061-E559-6E599A5E899B}.Debug|Any CPU.ActiveCfg = Debug|Any CPU
		{660E6AB9-51D2-B061-E559-6E599A5E899B}.Debug|Any CPU.Build.0 = Debug|Any CPU
		{660E6AB9-51D2-B061-E559-6E599A5E899B}.Release|Any CPU.ActiveCfg = Release|Any CPU
		{660E6AB9-51D2-B061-E559-6E599A5E899B}.Release|Any CPU.Build.0 = Release|Any CPU
		{45E61127-A3C3-413A-B413-91E29880BDC1}.Debug|Any CPU.ActiveCfg = Debug|Any CPU
		{45E61127-A3C3-413A-B413-91E29880BDC1}.Debug|Any CPU.Build.0 = Debug|Any CPU
		{45E61127-A3C3-413A-B413-91E29880BDC1}.Release|Any CPU.ActiveCfg = Release|Any CPU
		{45E61127-A3C3-413A-B413-91E29880BDC1}.Release|Any CPU.Build.0 = Release|Any CPU
		{106E3A14-A1BB-4449-845B-BD29D7E46691}.Debug|Any CPU.ActiveCfg = Debug|Any CPU
		{106E3A14-A1BB-4449-845B-BD29D7E46691}.Debug|Any CPU.Build.0 = Debug|Any CPU
		{106E3A14-A1BB-4449-845B-BD29D7E46691}.Release|Any CPU.ActiveCfg = Release|Any CPU
		{106E3A14-A1BB-4449-845B-BD29D7E46691}.Release|Any CPU.Build.0 = Release|Any CPU
		{E933C30F-7D55-4420-9343-7DAB874DEE38}.Debug|Any CPU.ActiveCfg = Debug|Any CPU
		{E933C30F-7D55-4420-9343-7DAB874DEE38}.Debug|Any CPU.Build.0 = Debug|Any CPU
		{E933C30F-7D55-4420-9343-7DAB874DEE38}.Release|Any CPU.ActiveCfg = Release|Any CPU
		{E933C30F-7D55-4420-9343-7DAB874DEE38}.Release|Any CPU.Build.0 = Release|Any CPU
		{482949AD-6E7C-40BB-8502-16B911DC40EB}.Debug|Any CPU.ActiveCfg = Debug|Any CPU
		{482949AD-6E7C-40BB-8502-16B911DC40EB}.Debug|Any CPU.Build.0 = Debug|Any CPU
		{482949AD-6E7C-40BB-8502-16B911DC40EB}.Release|Any CPU.ActiveCfg = Release|Any CPU
		{482949AD-6E7C-40BB-8502-16B911DC40EB}.Release|Any CPU.Build.0 = Release|Any CPU
		{DBE55D92-B7BD-4ACA-BC3C-053999D74D2B}.Debug|Any CPU.ActiveCfg = Debug|Any CPU
		{DBE55D92-B7BD-4ACA-BC3C-053999D74D2B}.Debug|Any CPU.Build.0 = Debug|Any CPU
		{DBE55D92-B7BD-4ACA-BC3C-053999D74D2B}.Release|Any CPU.ActiveCfg = Release|Any CPU
		{DBE55D92-B7BD-4ACA-BC3C-053999D74D2B}.Release|Any CPU.Build.0 = Release|Any CPU
		{426FD35A-FAA7-49CE-AE38-97AD993B97EF}.Debug|Any CPU.ActiveCfg = Debug|Any CPU
		{426FD35A-FAA7-49CE-AE38-97AD993B97EF}.Debug|Any CPU.Build.0 = Debug|Any CPU
		{426FD35A-FAA7-49CE-AE38-97AD993B97EF}.Release|Any CPU.ActiveCfg = Release|Any CPU
		{426FD35A-FAA7-49CE-AE38-97AD993B97EF}.Release|Any CPU.Build.0 = Release|Any CPU
		{8B485956-3713-4B0B-9DFB-C90A788D326E}.Debug|Any CPU.ActiveCfg = Debug|Any CPU
		{8B485956-3713-4B0B-9DFB-C90A788D326E}.Debug|Any CPU.Build.0 = Debug|Any CPU
		{8B485956-3713-4B0B-9DFB-C90A788D326E}.Release|Any CPU.ActiveCfg = Release|Any CPU
		{8B485956-3713-4B0B-9DFB-C90A788D326E}.Release|Any CPU.Build.0 = Release|Any CPU
		{6B94324A-0247-4D49-872E-52D1F4E78DAB}.Debug|Any CPU.ActiveCfg = Debug|Any CPU
		{6B94324A-0247-4D49-872E-52D1F4E78DAB}.Debug|Any CPU.Build.0 = Debug|Any CPU
		{6B94324A-0247-4D49-872E-52D1F4E78DAB}.Release|Any CPU.ActiveCfg = Release|Any CPU
		{6B94324A-0247-4D49-872E-52D1F4E78DAB}.Release|Any CPU.Build.0 = Release|Any CPU
		{5392FC18-746B-4F23-A82C-3FFE38171A54}.Debug|Any CPU.ActiveCfg = Debug|Any CPU
		{5392FC18-746B-4F23-A82C-3FFE38171A54}.Debug|Any CPU.Build.0 = Debug|Any CPU
		{5392FC18-746B-4F23-A82C-3FFE38171A54}.Release|Any CPU.ActiveCfg = Release|Any CPU
		{5392FC18-746B-4F23-A82C-3FFE38171A54}.Release|Any CPU.Build.0 = Release|Any CPU
	EndGlobalSection
	GlobalSection(SolutionProperties) = preSolution
		HideSolutionNode = FALSE
	EndGlobalSection
	GlobalSection(NestedProjects) = preSolution
		{186C2772-D82B-9ED6-A641-C630768D5C35} = {02EA681E-C7D8-13C7-8484-4AC65E1B71E8}
		{671A2C56-0504-59E4-A07D-9D6DA381D065} = {02EA681E-C7D8-13C7-8484-4AC65E1B71E8}
		{41CFEC93-6876-2FA4-EFE6-BFDE77962291} = {02EA681E-C7D8-13C7-8484-4AC65E1B71E8}
		{DBB604E7-A08C-3C67-BE37-1EC708663FFC} = {74C800F8-287E-4C36-BBD8-6372CC7139B9}
		{30B072A9-A6E8-B56C-346F-9993EE7C22ED} = {74C800F8-287E-4C36-BBD8-6372CC7139B9}
		{E25B7F85-8419-6DBF-B5D3-DEA10513E57C} = {74C800F8-287E-4C36-BBD8-6372CC7139B9}
		{605DB725-A6F3-DC21-2FE1-35194A62F797} = {1BF6FD1C-0AEC-45AB-9930-5EEB9576B36E}
		{C7A1E94D-DC60-5BF6-62D5-0D554FF54181} = {1BF6FD1C-0AEC-45AB-9930-5EEB9576B36E}
		{37D325A7-6DBF-B1A0-B196-10B056BA077B} = {1BF6FD1C-0AEC-45AB-9930-5EEB9576B36E}
		{3742CB4D-3D37-0828-53D5-C1A678CCB6E9} = {75D366F4-5188-4A40-893F-BA87FC56992B}
		{4152BF8D-8E4F-1829-42AE-1D4E2963F772} = {75D366F4-5188-4A40-893F-BA87FC56992B}
		{660E6AB9-51D2-B061-E559-6E599A5E899B} = {75D366F4-5188-4A40-893F-BA87FC56992B}
		{45E61127-A3C3-413A-B413-91E29880BDC1} = {E0022932-CD3C-4DF1-B570-7065304C2A5B}
		{106E3A14-A1BB-4449-845B-BD29D7E46691} = {E0022932-CD3C-4DF1-B570-7065304C2A5B}
		{E933C30F-7D55-4420-9343-7DAB874DEE38} = {E0022932-CD3C-4DF1-B570-7065304C2A5B}
		{482949AD-6E7C-40BB-8502-16B911DC40EB} = {8FF3010B-B849-4A5A-A97A-BBAEE472343C}
		{DBE55D92-B7BD-4ACA-BC3C-053999D74D2B} = {8FF3010B-B849-4A5A-A97A-BBAEE472343C}
		{426FD35A-FAA7-49CE-AE38-97AD993B97EF} = {8FF3010B-B849-4A5A-A97A-BBAEE472343C}
		{8B485956-3713-4B0B-9DFB-C90A788D326E} = {CEB99B44-5339-4F72-8054-6E8C3F57C114}
		{6B94324A-0247-4D49-872E-52D1F4E78DAB} = {CEB99B44-5339-4F72-8054-6E8C3F57C114}
		{5392FC18-746B-4F23-A82C-3FFE38171A54} = {CEB99B44-5339-4F72-8054-6E8C3F57C114}
	EndGlobalSection
	GlobalSection(ExtensibilityGlobals) = postSolution
		SolutionGuid = {5981ACC3-808F-4761-9328-1AA6337A7549}
	EndGlobalSection
EndGlobal
